dependencies:
- name: centralidp
  repository: https://eclipse-tractusx.github.io/charts/dev
  version: 3.0.0
- name: postgresql
  repository: https://charts.bitnami.com/bitnami
  version: 16.4.8
digest: sha256:1dd28c9625bd7f66b3e3c009371175284e2b2ba19ab07e4f84136d93df41a784
generated: "2025-02-19T15:56:23.152613081+01:00"
