dependencies:
- name: centralidp
  repository: https://eclipse-tractusx.github.io/charts/dev
  version: 3.0.0
- name: postgresql
  repository: https://charts.bitnami.com/bitnami
  version: 12.12.10
digest: sha256:bb3919921638120aee12aa97b5026a0b3e6c1dbdeed83aac5f3e80734a123b02
generated: "2025-09-26T15:24:32.867799088+02:00"
