dependencies:
- name: centralidp
  repository: https://eclipse-tractusx.github.io/charts/dev
  version: 3.0.0
- name: postgres
  repository: oci://registry-1.docker.io/cloudpirates
  version: 0.11.0
digest: sha256:9bf28885ada10c1acb2e38a35b0c10034212ee8a1815ff6a0bec84be10e6bf18
generated: "2025-10-28T09:43:52.81862857+01:00"
